
Microsoft Visual Studio Solution File, Format Version 12.00
# Visual Studio Version 16
VisualStudioVersion = 16.0.30717.126
MinimumVisualStudioVersion = 10.0.40219.1
Project("{FAE04EC0-301F-11D3-BF4B-00C04F79EFBC}") = "DID", "DID.csproj", "{37E324FE-E9C3-43A0-9873-FE13471B59A4}"
EndProject
Global
	GlobalSection(SolutionConfigurationPlatforms) = preSolution
		Debug|Any CPU = Debug|Any CPU
		Release|Any CPU = Release|Any CPU
	EndGlobalSection
	GlobalSection(ProjectConfigurationPlatforms) = postSolution
		{37E324FE-E9C3-43A0-9873-FE13471B59A4}.Debug|Any CPU.ActiveCfg = Debug|Any CPU
		{37E324FE-E9C3-43A0-9873-FE13471B59A4}.Debug|Any CPU.Build.0 = Debug|Any CPU
		{37E324FE-E9C3-43A0-9873-FE13471B59A4}.Release|Any CPU.ActiveCfg = Release|Any CPU
		{37E324FE-E9C3-43A0-9873-FE13471B59A4}.Release|Any CPU.Build.0 = Release|Any CPU
	EndGlobalSection
	GlobalSection(SolutionProperties) = preSolution
		HideSolutionNode = FALSE
	EndGlobalSection
	GlobalSection(ExtensibilityGlobals) = postSolution
		SolutionGuid = {CC027248-F1F5-4FEC-AA05-B4EDE5024644}
	EndGlobalSection
EndGlobal
